<?xml version="1.0" encoding="UTF-8" standalone="yes" ?>
<CodeBlocks_project_file>
	<FileVersion major="1" minor="6" />
	<Project>
		<Option title="PSQ" />
		<Option pch_mode="2" />
		<Option compiler="gcc" />
		<Build>
			<Target title="Debug">
				<Option output="bin/Debug/PSQ" prefix_auto="1" extension_auto="1" />
				<Option working_dir="bin/Debug" />
				<Option object_output="obj/Debug/" />
				<Option type="1" />
				<Option compiler="gcc" />
				<Compiler>
					<Add option="-Wall" />
					<Add option="-g" />
				</Compiler>
			</Target>
			<Target title="Release">
				<Option output="bin/Release/PSQ" prefix_auto="1" extension_auto="1" />
				<Option working_dir="bin/Release" />
				<Option object_output="obj/Release/" />
				<Option type="1" />
				<Option compiler="gcc" />
				<Compiler>
					<Add option="-Wall" />
					<Add option="-O2" />
				</Compiler>
				<Linker>
					<Add option="-s" />
				</Linker>
			</Target>
		</Build>
		<Compiler>
			<Add directory="../" />
		</Compiler>
		<Unit filename="../PSQ/BaseThread.h" />
		<Unit filename="../PSQ/Queue.h" />
		<Unit filename="../PSQ/TimestampedData.h" />
		<Unit filename="../PSQ/VectorOfQueues.h" />
		<Unit filename="CalcSum.cpp" />
		<Unit filename="CalcSum.h" />
		<Unit filename="FindMax.cpp" />
		<Unit filename="FindMax.h" />
		<Unit filename="FindMin.cpp" />
		<Unit filename="FindMin.h" />
		<Unit filename="MultiplyBy10.cpp" />
		<Unit filename="MultiplyBy10.h" />
		<Unit filename="RandomNumberGenerator.cpp" />
		<Unit filename="RandomNumberGenerator.h" />
		<Unit filename="Viewer.cpp" />
		<Unit filename="Viewer.h" />
		<Unit filename="main.cpp" />
		<Extensions />
	</Project>
</CodeBlocks_project_file>
